
Microsoft Visual Studio Solution File, Format Version 12.00
# Visual Studio 15
VisualStudioVersion = 15.0.26124.0
MinimumVisualStudioVersion = 15.0.26124.0
Project("{FAE04EC0-301F-11D3-BF4B-00C04F79EFBC}") = "Palindrome.Client", "Palindrome.Client\Palindrome.Client.csproj", "{C46F0E25-12C3-467C-AC49-3480404849A8}"
EndProject
Project("{FAE04EC0-301F-11D3-BF4B-00C04F79EFBC}") = "Palindrome.Domain", "Palindrome.Domain\Palindrome.Domain.csproj", "{93E8AF14-1F6F-46F9-8FD4-DC182BEAF2A8}"
EndProject
Project("{FAE04EC0-301F-11D3-BF4B-00C04F79EFBC}") = "Palindrome.Testing", "Palindrome.Testing\Palindrome.Testing.csproj", "{41FDB919-83A1-4D0B-81C9-0D416E627EAF}"
EndProject
Global
	GlobalSection(SolutionConfigurationPlatforms) = preSolution
		Debug|Any CPU = Debug|Any CPU
		Debug|x64 = Debug|x64
		Debug|x86 = Debug|x86
		Release|Any CPU = Release|Any CPU
		Release|x64 = Release|x64
		Release|x86 = Release|x86
	EndGlobalSection
	GlobalSection(SolutionProperties) = preSolution
		HideSolutionNode = FALSE
	EndGlobalSection
	GlobalSection(ProjectConfigurationPlatforms) = postSolution
		{C46F0E25-12C3-467C-AC49-3480404849A8}.Debug|Any CPU.ActiveCfg = Debug|Any CPU
		{C46F0E25-12C3-467C-AC49-3480404849A8}.Debug|Any CPU.Build.0 = Debug|Any CPU
		{C46F0E25-12C3-467C-AC49-3480404849A8}.Debug|x64.ActiveCfg = Debug|Any CPU
		{C46F0E25-12C3-467C-AC49-3480404849A8}.Debug|x64.Build.0 = Debug|Any CPU
		{C46F0E25-12C3-467C-AC49-3480404849A8}.Debug|x86.ActiveCfg = Debug|Any CPU
		{C46F0E25-12C3-467C-AC49-3480404849A8}.Debug|x86.Build.0 = Debug|Any CPU
		{C46F0E25-12C3-467C-AC49-3480404849A8}.Release|Any CPU.ActiveCfg = Release|Any CPU
		{C46F0E25-12C3-467C-AC49-3480404849A8}.Release|Any CPU.Build.0 = Release|Any CPU
		{C46F0E25-12C3-467C-AC49-3480404849A8}.Release|x64.ActiveCfg = Release|Any CPU
		{C46F0E25-12C3-467C-AC49-3480404849A8}.Release|x64.Build.0 = Release|Any CPU
		{C46F0E25-12C3-467C-AC49-3480404849A8}.Release|x86.ActiveCfg = Release|Any CPU
		{C46F0E25-12C3-467C-AC49-3480404849A8}.Release|x86.Build.0 = Release|Any CPU
		{93E8AF14-1F6F-46F9-8FD4-DC182BEAF2A8}.Debug|Any CPU.ActiveCfg = Debug|Any CPU
		{93E8AF14-1F6F-46F9-8FD4-DC182BEAF2A8}.Debug|Any CPU.Build.0 = Debug|Any CPU
		{93E8AF14-1F6F-46F9-8FD4-DC182BEAF2A8}.Debug|x64.ActiveCfg = Debug|Any CPU
		{93E8AF14-1F6F-46F9-8FD4-DC182BEAF2A8}.Debug|x64.Build.0 = Debug|Any CPU
		{93E8AF14-1F6F-46F9-8FD4-DC182BEAF2A8}.Debug|x86.ActiveCfg = Debug|Any CPU
		{93E8AF14-1F6F-46F9-8FD4-DC182BEAF2A8}.Debug|x86.Build.0 = Debug|Any CPU
		{93E8AF14-1F6F-46F9-8FD4-DC182BEAF2A8}.Release|Any CPU.ActiveCfg = Release|Any CPU
		{93E8AF14-1F6F-46F9-8FD4-DC182BEAF2A8}.Release|Any CPU.Build.0 = Release|Any CPU
		{93E8AF14-1F6F-46F9-8FD4-DC182BEAF2A8}.Release|x64.ActiveCfg = Release|Any CPU
		{93E8AF14-1F6F-46F9-8FD4-DC182BEAF2A8}.Release|x64.Build.0 = Release|Any CPU
		{93E8AF14-1F6F-46F9-8FD4-DC182BEAF2A8}.Release|x86.ActiveCfg = Release|Any CPU
		{93E8AF14-1F6F-46F9-8FD4-DC182BEAF2A8}.Release|x86.Build.0 = Release|Any CPU
		{41FDB919-83A1-4D0B-81C9-0D416E627EAF}.Debug|Any CPU.ActiveCfg = Debug|Any CPU
		{41FDB919-83A1-4D0B-81C9-0D416E627EAF}.Debug|Any CPU.Build.0 = Debug|Any CPU
		{41FDB919-83A1-4D0B-81C9-0D416E627EAF}.Debug|x64.ActiveCfg = Debug|Any CPU
		{41FDB919-83A1-4D0B-81C9-0D416E627EAF}.Debug|x64.Build.0 = Debug|Any CPU
		{41FDB919-83A1-4D0B-81C9-0D416E627EAF}.Debug|x86.ActiveCfg = Debug|Any CPU
		{41FDB919-83A1-4D0B-81C9-0D416E627EAF}.Debug|x86.Build.0 = Debug|Any CPU
		{41FDB919-83A1-4D0B-81C9-0D416E627EAF}.Release|Any CPU.ActiveCfg = Release|Any CPU
		{41FDB919-83A1-4D0B-81C9-0D416E627EAF}.Release|Any CPU.Build.0 = Release|Any CPU
		{41FDB919-83A1-4D0B-81C9-0D416E627EAF}.Release|x64.ActiveCfg = Release|Any CPU
		{41FDB919-83A1-4D0B-81C9-0D416E627EAF}.Release|x64.Build.0 = Release|Any CPU
		{41FDB919-83A1-4D0B-81C9-0D416E627EAF}.Release|x86.ActiveCfg = Release|Any CPU
		{41FDB919-83A1-4D0B-81C9-0D416E627EAF}.Release|x86.Build.0 = Release|Any CPU
	EndGlobalSection
EndGlobal
